// !$*UTF8*$!
{
	archiveVersion = 1;
	classes = {
	};
	objectVersion = 46;
	objects = {

/* Begin PBXBuildFile section */
		ACF4841D1D9A0E1500B949C3 /* ReadFile.c in Sources */ = {isa = PBXBuildFile; fileRef = ACF4841C1D9A0E1500B949C3 /* ReadFile.c */; };
		ACF6B85B1DC0118300D15509 /* ListNode.c in Sources */ = {isa = PBXBuildFile; fileRef = ACF6B85A1DC0118300D15509 /* ListNode.c */; };
		ECE2A5CB1D9078F000EB29AC /* main.c in Sources */ = {isa = PBXBuildFile; fileRef = ECE2A5CA1D9078F000EB29AC /* main.c */; };
		ECFBE6F51D959BCC006320B6 /* constants.c in Sources */ = {isa = PBXBuildFile; fileRef = ECFBE6F41D959BCC006320B6 /* constants.c */; };
/* End PBXBuildFile section */

/* Begin PBXCopyFilesBuildPhase section */
		ECE2A5C51D9078F000EB29AC /* CopyFiles */ = {
			isa = PBXCopyFilesBuildPhase;
			buildActionMask = 2147483647;
			dstPath = /usr/share/man/man1/;
			dstSubfolderSpec = 0;
			files = (
			);
			runOnlyForDeploymentPostprocessing = 1;
		};
/* End PBXCopyFilesBuildPhase section */

/* Begin PBXFileReference section */
		ACF4841C1D9A0E1500B949C3 /* ReadFile.c */ = {isa = PBXFileReference; fileEncoding = 4; lastKnownFileType = sourcecode.c.c; path = ReadFile.c; sourceTree = "<group>"; };
		ACF6B85A1DC0118300D15509 /* ListNode.c */ = {isa = PBXFileReference; fileEncoding = 4; lastKnownFileType = sourcecode.c.c; path = ListNode.c; sourceTree = "<group>"; };
		ECE2A5C71D9078F000EB29AC /* TestAutomato */ = {isa = PBXFileReference; explicitFileType = "compiled.mach-o.executable"; includeInIndex = 0; path = TestAutomato; sourceTree = BUILT_PRODUCTS_DIR; };
		ECE2A5CA1D9078F000EB29AC /* main.c */ = {isa = PBXFileReference; lastKnownFileType = sourcecode.c.c; path = main.c; sourceTree = "<group>"; };
		ECFBE6F41D959BCC006320B6 /* constants.c */ = {isa = PBXFileReference; fileEncoding = 4; lastKnownFileType = sourcecode.c.c; path = constants.c; sourceTree = "<group>"; };
/* End PBXFileReference section */

/* Begin PBXFrameworksBuildPhase section */
		ECE2A5C41D9078F000EB29AC /* Frameworks */ = {
			isa = PBXFrameworksBuildPhase;
			buildActionMask = 2147483647;
			files = (
			);
			runOnlyForDeploymentPostprocessing = 0;
		};
/* End PBXFrameworksBuildPhase section */

/* Begin PBXGroup section */
		ECE2A5BE1D9078F000EB29AC = {
			isa = PBXGroup;
			children = (
				ECE2A5C91D9078F000EB29AC /* TestAutomato */,
				ECE2A5C81D9078F000EB29AC /* Products */,
			);
			sourceTree = "<group>";
		};
		ECE2A5C81D9078F000EB29AC /* Products */ = {
			isa = PBXGroup;
			children = (
				ECE2A5C71D9078F000EB29AC /* TestAutomato */,
			);
			name = Products;
			sourceTree = "<group>";
		};
		ECE2A5C91D9078F000EB29AC /* TestAutomato */ = {
			isa = PBXGroup;
			children = (
				ACF4841C1D9A0E1500B949C3 /* ReadFile.c */,
				ECE2A5CA1D9078F000EB29AC /* main.c */,
				ECFBE6F41D959BCC006320B6 /* constants.c */,
				ACF6B85A1DC0118300D15509 /* ListNode.c */,
			);
			path = TestAutomato;
			sourceTree = "<group>";
		};
/* End PBXGroup section */

/* Begin PBXNativeTarget section */
		ECE2A5C61D9078F000EB29AC /* TestAutomato */ = {
			isa = PBXNativeTarget;
			buildConfigurationList = ECE2A5CE1D9078F000EB29AC /* Build configuration list for PBXNativeTarget "TestAutomato" */;
			buildPhases = (
				ECE2A5C31D9078F000EB29AC /* Sources */,
				ECE2A5C41D9078F000EB29AC /* Frameworks */,
				ECE2A5C51D9078F000EB29AC /* CopyFiles */,
			);
			buildRules = (
			);
			dependencies = (
			);
			name = TestAutomato;
			productName = TestAutomato;
			productReference = ECE2A5C71D9078F000EB29AC /* TestAutomato */;
			productType = "com.apple.product-type.tool";
		};
/* End PBXNativeTarget section */

/* Begin PBXProject section */
		ECE2A5BF1D9078F000EB29AC /* Project object */ = {
			isa = PBXProject;
			attributes = {
				LastUpgradeCheck = 0800;
				ORGANIZATIONNAME = "Kaique Damato";
				TargetAttributes = {
					ECE2A5C61D9078F000EB29AC = {
						CreatedOnToolsVersion = 8.0;
						ProvisioningStyle = Automatic;
					};
				};
			};
			buildConfigurationList = ECE2A5C21D9078F000EB29AC /* Build configuration list for PBXProject "TestAutomato" */;
			compatibilityVersion = "Xcode 3.2";
			developmentRegion = English;
			hasScannedForEncodings = 0;
			knownRegions = (
				en,
			);
			mainGroup = ECE2A5BE1D9078F000EB29AC;
			productRefGroup = ECE2A5C81D9078F000EB29AC /* Products */;
			projectDirPath = "";
			projectRoot = "";
			targets = (
				ECE2A5C61D9078F000EB29AC /* TestAutomato */,
			);
		};
/* End PBXProject section */

/* Begin PBXSourcesBuildPhase section */
		ECE2A5C31D9078F000EB29AC /* Sources */ = {
			isa = PBXSourcesBuildPhase;
			buildActionMask = 2147483647;
			files = (
				ECE2A5CB1D9078F000EB29AC /* main.c in Sources */,
				ACF6B85B1DC0118300D15509 /* ListNode.c in Sources */,
				ACF4841D1D9A0E1500B949C3 /* ReadFile.c in Sources */,
				ECFBE6F51D959BCC006320B6 /* constants.c in Sources */,
			);
			runOnlyForDeploymentPostprocessing = 0;
		};
/* End PBXSourcesBuildPhase section */

/* Begin XCBuildConfiguration section */
		ECE2A5CC1D9078F000EB29AC /* Debug */ = {
			isa = XCBuildConfiguration;
			buildSettings = {
				ALWAYS_SEARCH_USER_PATHS = NO;
				CLANG_ANALYZER_NONNULL = YES;
				CLANG_CXX_LANGUAGE_STANDARD = "gnu++0x";
				CLANG_CXX_LIBRARY = "libc++";
				CLANG_ENABLE_MODULES = YES;
				CLANG_ENABLE_OBJC_ARC = YES;
				CLANG_WARN_BOOL_CONVERSION = YES;
				CLANG_WARN_CONSTANT_CONVERSION = YES;
				CLANG_WARN_DIRECT_OBJC_ISA_USAGE = YES_ERROR;
				CLANG_WARN_DOCUMENTATION_COMMENTS = YES;
				CLANG_WARN_EMPTY_BODY = YES;
				CLANG_WARN_ENUM_CONVERSION = YES;
				CLANG_WARN_INFINITE_RECURSION = YES;
				CLANG_WARN_INT_CONVERSION = YES;
				CLANG_WARN_OBJC_ROOT_CLASS = YES_ERROR;
				CLANG_WARN_SUSPICIOUS_MOVES = YES;
				CLANG_WARN_UNREACHABLE_CODE = YES;
				CLANG_WARN__DUPLICATE_METHOD_MATCH = YES;
				CODE_SIGN_IDENTITY = "-";
				COPY_PHASE_STRIP = NO;
				DEBUG_INFORMATION_FORMAT = dwarf;
				ENABLE_STRICT_OBJC_MSGSEND = YES;
				ENABLE_TESTABILITY = YES;
				GCC_C_LANGUAGE_STANDARD = gnu99;
				GCC_DYNAMIC_NO_PIC = NO;
				GCC_NO_COMMON_BLOCKS = YES;
				GCC_OPTIMIZATION_LEVEL = 0;
				GCC_PREPROCESSOR_DEFINITIONS = (
					"DEBUG=1",
					"$(inherited)",
				);
				GCC_WARN_64_TO_32_BIT_CONVERSION = YES;
				GCC_WARN_ABOUT_RETURN_TYPE = YES_ERROR;
				GCC_WARN_UNDECLARED_SELECTOR = YES;
				GCC_WARN_UNINITIALIZED_AUTOS = YES_AGGRESSIVE;
				GCC_WARN_UNUSED_FUNCTION = YES;
				GCC_WARN_UNUSED_VARIABLE = YES;
				MACOSX_DEPLOYMENT_TARGET = 10.11;
				MTL_ENABLE_DEBUG_INFO = YES;
				ONLY_ACTIVE_ARCH = YES;
				SDKROOT = macosx;
			};
			name = Debug;
		};
		ECE2A5CD1D9078F000EB29AC /* Release */ = {
			isa = XCBuildConfiguration;
			buildSettings = {
				ALWAYS_SEARCH_USER_PATHS = NO;
				CLANG_ANALYZER_NONNULL = YES;
				CLANG_CXX_LANGUAGE_STANDARD = "gnu++0x";
				CLANG_CXX_LIBRARY = "libc++";
				CLANG_ENABLE_MODULES = YES;
				CLANG_ENABLE_OBJC_ARC = YES;
				CLANG_WARN_BOOL_CONVERSION = YES;
				CLANG_WARN_CONSTANT_CONVERSION = YES;
				CLANG_WARN_DIRECT_OBJC_ISA_USAGE = YES_ERROR;
				CLANG_WARN_DOCUMENTATION_COMMENTS = YES;
				CLANG_WARN_EMPTY_BODY = YES;
				CLANG_WARN_ENUM_CONVERSION = YES;
				CLANG_WARN_INFINITE_RECURSION = YES;
				CLANG_WARN_INT_CONVERSION = YES;
				CLANG_WARN_OBJC_ROOT_CLASS = YES_ERROR;
				CLANG_WARN_SUSPICIOUS_MOVES = YES;
				CLANG_WARN_UNREACHABLE_CODE = YES;
				CLANG_WARN__DUPLICATE_METHOD_MATCH = YES;
				CODE_SIGN_IDENTITY = "-";
				COPY_PHASE_STRIP = NO;
				DEBUG_INFORMATION_FORMAT = "dwarf-with-dsym";
				ENABLE_NS_ASSERTIONS = NO;
				ENABLE_STRICT_OBJC_MSGSEND = YES;
				GCC_C_LANGUAGE_STANDARD = gnu99;
				GCC_NO_COMMON_BLOCKS = YES;
				GCC_WARN_64_TO_32_BIT_CONVERSION = YES;
				GCC_WARN_ABOUT_RETURN_TYPE = YES_ERROR;
				GCC_WARN_UNDECLARED_SELECTOR = YES;
				GCC_WARN_UNINITIALIZED_AUTOS = YES_AGGRESSIVE;
				GCC_WARN_UNUSED_FUNCTION = YES;
				GCC_WARN_UNUSED_VARIABLE = YES;
				MACOSX_DEPLOYMENT_TARGET = 10.11;
				MTL_ENABLE_DEBUG_INFO = NO;
				SDKROOT = macosx;
			};
			name = Release;
		};
		ECE2A5CF1D9078F000EB29AC /* Debug */ = {
			isa = XCBuildConfiguration;
			buildSettings = {
				GCC_WARN_UNUSED_FUNCTION = NO;
				GCC_WARN_UNUSED_VALUE = NO;
				GCC_WARN_UNUSED_VARIABLE = NO;
				PRODUCT_NAME = "$(TARGET_NAME)";
			};
			name = Debug;
		};
		ECE2A5D01D9078F000EB29AC /* Release */ = {
			isa = XCBuildConfiguration;
			buildSettings = {
				GCC_WARN_UNUSED_FUNCTION = NO;
				GCC_WARN_UNUSED_VALUE = NO;
				GCC_WARN_UNUSED_VARIABLE = NO;
				PRODUCT_NAME = "$(TARGET_NAME)";
			};
			name = Release;
		};
/* End XCBuildConfiguration section */

/* Begin XCConfigurationList section */
		ECE2A5C21D9078F000EB29AC /* Build configuration list for PBXProject "TestAutomato" */ = {
			isa = XCConfigurationList;
			buildConfigurations = (
				ECE2A5CC1D9078F000EB29AC /* Debug */,
				ECE2A5CD1D9078F000EB29AC /* Release */,
			);
			defaultConfigurationIsVisible = 0;
			defaultConfigurationName = Release;
		};
		ECE2A5CE1D9078F000EB29AC /* Build configuration list for PBXNativeTarget "TestAutomato" */ = {
			isa = XCConfigurationList;
			buildConfigurations = (
				ECE2A5CF1D9078F000EB29AC /* Debug */,
				ECE2A5D01D9078F000EB29AC /* Release */,
			);
			defaultConfigurationIsVisible = 0;
			defaultConfigurationName = Release;
		};
/* End XCConfigurationList section */
	};
	rootObject = ECE2A5BF1D9078F000EB29AC /* Project object */;
}
